
Microsoft Visual Studio Solution File, Format Version 12.00
# Visual Studio Version 17
VisualStudioVersion = 17.11.35312.102
MinimumVisualStudioVersion = 10.0.40219.1
Project("{8BC9CEB8-8B4A-11D0-8D11-00A0C91BC942}") = "Lab3_3", "Lab3_3\Lab3_3.vcxproj", "{42D5A071-6744-43E9-B0AF-EEB42D924CB1}"
EndProject
Global
	GlobalSection(SolutionConfigurationPlatforms) = preSolution
		Debug|x64 = Debug|x64
		Debug|x86 = Debug|x86
		Release|x64 = Release|x64
		Release|x86 = Release|x86
	EndGlobalSection
	GlobalSection(ProjectConfigurationPlatforms) = postSolution
		{42D5A071-6744-43E9-B0AF-EEB42D924CB1}.Debug|x64.ActiveCfg = Debug|x64
		{42D5A071-6744-43E9-B0AF-EEB42D924CB1}.Debug|x64.Build.0 = Debug|x64
		{42D5A071-6744-43E9-B0AF-EEB42D924CB1}.Debug|x86.ActiveCfg = Debug|Win32
		{42D5A071-6744-43E9-B0AF-EEB42D924CB1}.Debug|x86.Build.0 = Debug|Win32
		{42D5A071-6744-43E9-B0AF-EEB42D924CB1}.Release|x64.ActiveCfg = Release|x64
		{42D5A071-6744-43E9-B0AF-EEB42D924CB1}.Release|x64.Build.0 = Release|x64
		{42D5A071-6744-43E9-B0AF-EEB42D924CB1}.Release|x86.ActiveCfg = Release|Win32
		{42D5A071-6744-43E9-B0AF-EEB42D924CB1}.Release|x86.Build.0 = Release|Win32
	EndGlobalSection
	GlobalSection(SolutionProperties) = preSolution
		HideSolutionNode = FALSE
	EndGlobalSection
	GlobalSection(ExtensibilityGlobals) = postSolution
		SolutionGuid = {E43C4F3C-264D-4D1E-B70E-66B7DC252398}
	EndGlobalSection
EndGlobal
